{
  "name": "gatsby-plugin-social-banners",
  "version": "1.0.0",
  "lockfileVersion": 1,
  "requires": true,
  "dependencies": {
    "@jimp/bmp": {
      "version": "0.8.4",
      "resolved": "https://registry.npmjs.org/@jimp/bmp/-/bmp-0.8.4.tgz",
      "integrity": "sha512-Cf/V+SUyEVxCCP8q1emkarCHJ8NkLFcLp41VMqBihoR4ke0TIPfCSdgW/JXbM/28vvZ5a2bvMe6uOll6cFggvA==",
      "requires": {
        "@jimp/utils": "^0.8.4",
        "bmp-js": "^0.1.0",
        "core-js": "^2.5.7"
      }
    },
    "@jimp/core": {
      "version": "0.8.4",
      "resolved": "https://registry.npmjs.org/@jimp/core/-/core-0.8.4.tgz",
      "integrity": "sha512-3fK5UEOEQsfSDhsrAgBT6W8Up51qkeCj9RVjusxUaEGmix34PO/KTVfzURlu6NOpOUvtfNXsCq9xS7cxBTWSCA==",
      "requires": {
        "@jimp/utils": "^0.8.4",
        "any-base": "^1.1.0",
        "buffer": "^5.2.0",
        "core-js": "^2.5.7",
        "exif-parser": "^0.1.12",
        "file-type": "^9.0.0",
        "load-bmfont": "^1.3.1",
        "mkdirp": "0.5.1",
        "phin": "^2.9.1",
        "pixelmatch": "^4.0.2",
        "tinycolor2": "^1.4.1"
      }
    },
    "@jimp/custom": {
      "version": "0.8.4",
      "resolved": "https://registry.npmjs.org/@jimp/custom/-/custom-0.8.4.tgz",
      "integrity": "sha512-iS/RB3QQKpm4QS8lxxtQzvYDMph9YvOn3d68gMM4pDKn95n3nt5/ySHFv6fQq/yzfox1OPdeYaXbOLvC3+ofqw==",
      "requires": {
        "@jimp/core": "^0.8.4",
        "core-js": "^2.5.7"
      }
    },
    "@jimp/gif": {
      "version": "0.8.4",
      "resolved": "https://registry.npmjs.org/@jimp/gif/-/gif-0.8.4.tgz",
      "integrity": "sha512-YpHZ7aWzmrviY7YigXRolHs6oBhGJItRry8fh3zebAgKth06GMv58ce84yXXOKX4yQ+QGd6GgOWzePx+KMP9TA==",
      "requires": {
        "@jimp/utils": "^0.8.4",
        "core-js": "^2.5.7",
        "omggif": "^1.0.9"
      }
    },
    "@jimp/jpeg": {
      "version": "0.8.4",
      "resolved": "https://registry.npmjs.org/@jimp/jpeg/-/jpeg-0.8.4.tgz",
      "integrity": "sha512-7exKk3LNPKJgsFzUPL+mOJtIEHcLp6yU9sVbULffVDjVUun6/Are2tCX8rCXZq28yiUhofzr61k5UqjkKFJXrA==",
      "requires": {
        "@jimp/utils": "^0.8.4",
        "core-js": "^2.5.7",
        "jpeg-js": "^0.3.4"
      }
    },
    "@jimp/plugin-blit": {
      "version": "0.8.4",
      "resolved": "https://registry.npmjs.org/@jimp/plugin-blit/-/plugin-blit-0.8.4.tgz",
      "integrity": "sha512-H9bpetmOUgEHpkDSRzbXLMXQhr34i8YicYV3EDeuHU8mKlAjtMbVpbp5ZN4mcadTz+EYdTdVNfQNsRCcIb5Oeg==",
      "requires": {
        "@jimp/utils": "^0.8.4",
        "core-js": "^2.5.7"
      }
    },
    "@jimp/plugin-blur": {
      "version": "0.8.4",
      "resolved": "https://registry.npmjs.org/@jimp/plugin-blur/-/plugin-blur-0.8.4.tgz",
      "integrity": "sha512-gvEDWW7+MI9Hk1KKzuFliRdDPaofkxB4pRJ/n1hipDoOGcNYFqxx5FGNQ4wsGSDpQ+RiHZF+JGKKb+EIwHg+0Q==",
      "requires": {
        "@jimp/utils": "^0.8.4",
        "core-js": "^2.5.7"
      }
    },
    "@jimp/plugin-color": {
      "version": "0.8.4",
      "resolved": "https://registry.npmjs.org/@jimp/plugin-color/-/plugin-color-0.8.4.tgz",
      "integrity": "sha512-DHCGMxInCI1coXMIfdZJ5G/4hpt5yZLNB5+oUIxT4aClzyhUjqD4xOcnO7hlPY6LuX8+FX7cYMHhdMfhTXB3Dg==",
      "requires": {
        "@jimp/utils": "^0.8.4",
        "core-js": "^2.5.7",
        "tinycolor2": "^1.4.1"
      }
    },
    "@jimp/plugin-contain": {
      "version": "0.8.4",
      "resolved": "https://registry.npmjs.org/@jimp/plugin-contain/-/plugin-contain-0.8.4.tgz",
      "integrity": "sha512-3wwLXig5LkOMg5FrNZrX/r99ehaA+0s3dkro3CiRg0Ez6Y0fz067so+HdsmqmoG78WY/dCdgdps/xLOW2VV4DQ==",
      "requires": {
        "@jimp/utils": "^0.8.4",
        "core-js": "^2.5.7"
      }
    },
    "@jimp/plugin-cover": {
      "version": "0.8.4",
      "resolved": "https://registry.npmjs.org/@jimp/plugin-cover/-/plugin-cover-0.8.4.tgz",
      "integrity": "sha512-U0xmSfGLmw0Ieiw00CM8DQ+XoQVBxbjsLE5To8EejnyLx5X+oNZ8r7E5EsQaushUlzij95IqMCloo+nCGhdYMw==",
      "requires": {
        "@jimp/utils": "^0.8.4",
        "core-js": "^2.5.7"
      }
    },
    "@jimp/plugin-crop": {
      "version": "0.8.4",
      "resolved": "https://registry.npmjs.org/@jimp/plugin-crop/-/plugin-crop-0.8.4.tgz",
      "integrity": "sha512-Neqs0K4cr7SU9nSte2qvGVh/8+K9ArH8mH1fWhZw4Zq8qD9NicX+g5hqmpmeSjOKD73t/jOmwvBevfJDu2KKSA==",
      "requires": {
        "@jimp/utils": "^0.8.4",
        "core-js": "^2.5.7"
      }
    },
    "@jimp/plugin-displace": {
      "version": "0.8.4",
      "resolved": "https://registry.npmjs.org/@jimp/plugin-displace/-/plugin-displace-0.8.4.tgz",
      "integrity": "sha512-qKCwAP2lAO3R8ofYaEF/Gh+sfcjzZLtEiYHzjx/mYvPpXS6Yvkvl28aUH8pwdJYT+QYGelHmOne0RJvjsac1NQ==",
      "requires": {
        "@jimp/utils": "^0.8.4",
        "core-js": "^2.5.7"
      }
    },
    "@jimp/plugin-dither": {
      "version": "0.8.4",
      "resolved": "https://registry.npmjs.org/@jimp/plugin-dither/-/plugin-dither-0.8.4.tgz",
      "integrity": "sha512-19+y5VAO6d0keRne9eJCdOeB9X0LFuRdRSjgwl/57JtREeoPj+iKBg6REBl4atiSGd7/UCFg3wRtFOw24XFKgw==",
      "requires": {
        "@jimp/utils": "^0.8.4",
        "core-js": "^2.5.7"
      }
    },
    "@jimp/plugin-flip": {
      "version": "0.8.4",
      "resolved": "https://registry.npmjs.org/@jimp/plugin-flip/-/plugin-flip-0.8.4.tgz",
      "integrity": "sha512-1BtKtc8cANuGgiWyOmltQZaR3Y5Og/GS/db8wBpFNLJ33Ir5UAGN2raDtx4EYEd5okuRVFj3OP+wAZl69m72LQ==",
      "requires": {
        "@jimp/utils": "^0.8.4",
        "core-js": "^2.5.7"
      }
    },
    "@jimp/plugin-gaussian": {
      "version": "0.8.4",
      "resolved": "https://registry.npmjs.org/@jimp/plugin-gaussian/-/plugin-gaussian-0.8.4.tgz",
      "integrity": "sha512-qYcVmiJn8l8uDZqk4FlB/qTV8fJgiJAh/xc/WKNEp2E8qFEgxoIPeimPHO8cJorEHqlh8I8l24OZkTkkEKaFfw==",
      "requires": {
        "@jimp/utils": "^0.8.4",
        "core-js": "^2.5.7"
      }
    },
    "@jimp/plugin-invert": {
      "version": "0.8.4",
      "resolved": "https://registry.npmjs.org/@jimp/plugin-invert/-/plugin-invert-0.8.4.tgz",
      "integrity": "sha512-OQ/dFDbBUmEd935Gitl5Pmgz+nLVyszwS0RqL6+G1U9EHYBeiHDrmY2sj7NgDjDEJYlRLxGlBRsTIPHzF3tdNw==",
      "requires": {
        "@jimp/utils": "^0.8.4",
        "core-js": "^2.5.7"
      }
    },
    "@jimp/plugin-mask": {
      "version": "0.8.4",
      "resolved": "https://registry.npmjs.org/@jimp/plugin-mask/-/plugin-mask-0.8.4.tgz",
      "integrity": "sha512-uqLdRGShHwCd9RHv8bMntTfDNDI2pcEeE7+F868P6PngWLKrzQCpuAyTnK6WK0ZN95fSsgy7TzCoesYk+FchkQ==",
      "requires": {
        "@jimp/utils": "^0.8.4",
        "core-js": "^2.5.7"
      }
    },
    "@jimp/plugin-normalize": {
      "version": "0.8.4",
      "resolved": "https://registry.npmjs.org/@jimp/plugin-normalize/-/plugin-normalize-0.8.4.tgz",
      "integrity": "sha512-+ihgQeVD8syWxw12F5ngUUdtlIcGDqH7hEoHcwVVGOFfaJqR4YBQR4FM3QLFFFdi2X/uK2nGJt9cMh0UaINEgw==",
      "requires": {
        "@jimp/utils": "^0.8.4",
        "core-js": "^2.5.7"
      }
    },
    "@jimp/plugin-print": {
      "version": "0.8.4",
      "resolved": "https://registry.npmjs.org/@jimp/plugin-print/-/plugin-print-0.8.4.tgz",
      "integrity": "sha512-Wg5tZI3hW5DG9Caz4wg4ZolS3Lvv4MFAxORPAeWeahDpHs38XZ7ydJ0KR39p2oWJPP0yIFv1fETYpU7BiJPRRw==",
      "requires": {
        "@jimp/utils": "^0.8.4",
        "core-js": "^2.5.7",
        "load-bmfont": "^1.4.0"
      }
    },
    "@jimp/plugin-resize": {
      "version": "0.8.4",
      "resolved": "https://registry.npmjs.org/@jimp/plugin-resize/-/plugin-resize-0.8.4.tgz",
      "integrity": "sha512-z9tumvsQja/YFTSeGvofYLvVws8LZYLYVW8l17hBETzfZQdVEvPOdWKkXqsAsK5uY9m8M5rH7kR8NZbCDVbyzA==",
      "requires": {
        "@jimp/utils": "^0.8.4",
        "core-js": "^2.5.7"
      }
    },
    "@jimp/plugin-rotate": {
      "version": "0.8.4",
      "resolved": "https://registry.npmjs.org/@jimp/plugin-rotate/-/plugin-rotate-0.8.4.tgz",
      "integrity": "sha512-PVxpt3DjqaUnHP6Nd3tzZjl4SYe/FYXszGTshtx51AMuvZLnpvekrrclYyc7Dc1Ry3kx3ma6UuLCvmf85hrdmw==",
      "requires": {
        "@jimp/utils": "^0.8.4",
        "core-js": "^2.5.7"
      }
    },
    "@jimp/plugin-scale": {
      "version": "0.8.4",
      "resolved": "https://registry.npmjs.org/@jimp/plugin-scale/-/plugin-scale-0.8.4.tgz",
      "integrity": "sha512-PrBTOMJ5n4gbIvRNxWfc1MdgHw4vd5r1UOHRVuc6ZQ9Z/FueBuvIidnz7GBRHbsRm3IjckvsLfEL1nIK0Kqh3A==",
      "requires": {
        "@jimp/utils": "^0.8.4",
        "core-js": "^2.5.7"
      }
    },
    "@jimp/plugins": {
      "version": "0.8.4",
      "resolved": "https://registry.npmjs.org/@jimp/plugins/-/plugins-0.8.4.tgz",
      "integrity": "sha512-Vd0oCe0bj7c+crHL6ee178q2c1o50UnbCmc0imHYg7M+pY8S1kl4ubZWwkAg2W96FCarGrm9eqPvCUyAdFOi9w==",
      "requires": {
        "@jimp/plugin-blit": "^0.8.4",
        "@jimp/plugin-blur": "^0.8.4",
        "@jimp/plugin-color": "^0.8.4",
        "@jimp/plugin-contain": "^0.8.4",
        "@jimp/plugin-cover": "^0.8.4",
        "@jimp/plugin-crop": "^0.8.4",
        "@jimp/plugin-displace": "^0.8.4",
        "@jimp/plugin-dither": "^0.8.4",
        "@jimp/plugin-flip": "^0.8.4",
        "@jimp/plugin-gaussian": "^0.8.4",
        "@jimp/plugin-invert": "^0.8.4",
        "@jimp/plugin-mask": "^0.8.4",
        "@jimp/plugin-normalize": "^0.8.4",
        "@jimp/plugin-print": "^0.8.4",
        "@jimp/plugin-resize": "^0.8.4",
        "@jimp/plugin-rotate": "^0.8.4",
        "@jimp/plugin-scale": "^0.8.4",
        "core-js": "^2.5.7",
        "timm": "^1.6.1"
      }
    },
    "@jimp/png": {
      "version": "0.8.4",
      "resolved": "https://registry.npmjs.org/@jimp/png/-/png-0.8.4.tgz",
      "integrity": "sha512-DLj260SwQr9ZNhSto1BacXGNRhIQiLNOESPoq5DGjbqiPCmYNxE7CPlXB1BVh0T3AmZBjnZkZORU0Y9wTi3gJw==",
      "requires": {
        "@jimp/utils": "^0.8.4",
        "core-js": "^2.5.7",
        "pngjs": "^3.3.3"
      }
    },
    "@jimp/tiff": {
      "version": "0.8.4",
      "resolved": "https://registry.npmjs.org/@jimp/tiff/-/tiff-0.8.4.tgz",
      "integrity": "sha512-SQmf1B/TbCtbwzJReLw/lzGqbeu8MOfT+wkaia0XWS72H6bEW66PTQKhB4/3uzC/Xnmsep1WNQITlwcWdgc36Q==",
      "requires": {
        "core-js": "^2.5.7",
        "utif": "^2.0.1"
      }
    },
    "@jimp/types": {
      "version": "0.8.4",
      "resolved": "https://registry.npmjs.org/@jimp/types/-/types-0.8.4.tgz",
      "integrity": "sha512-BCehQ5hrTOGDGdeROwXOYqgFGAzJPkuXmVJXgMgBoW1YjoGWhXJ5iShaJ/l7DRErrdezoWUdAhTFlV5bJf51dg==",
      "requires": {
        "@jimp/bmp": "^0.8.4",
        "@jimp/gif": "^0.8.4",
        "@jimp/jpeg": "^0.8.4",
        "@jimp/png": "^0.8.4",
        "@jimp/tiff": "^0.8.4",
        "core-js": "^2.5.7",
        "timm": "^1.6.1"
      }
    },
    "@jimp/utils": {
      "version": "0.8.4",
      "resolved": "https://registry.npmjs.org/@jimp/utils/-/utils-0.8.4.tgz",
      "integrity": "sha512-6Cwplao7IgwhFRijMvvyjdV7Sa7Fw71vS1aDsUDCVpi3XHsiLUM+nPTno6OKjzg2z2EufuolWPEvuq/GSte4lA==",
      "requires": {
        "core-js": "^2.5.7"
      }
    },
    "any-base": {
      "version": "1.1.0",
      "resolved": "https://registry.npmjs.org/any-base/-/any-base-1.1.0.tgz",
      "integrity": "sha512-uMgjozySS8adZZYePpaWs8cxB9/kdzmpX6SgJZ+wbz1K5eYk5QMYDVJaZKhxyIHUdnnJkfR7SVgStgH7LkGUyg=="
    },
    "base64-js": {
      "version": "1.3.1",
      "resolved": "https://registry.npmjs.org/base64-js/-/base64-js-1.3.1.tgz",
      "integrity": "sha512-mLQ4i2QO1ytvGWFWmcngKO//JXAQueZvwEKtjgQFM4jIK0kU+ytMfplL8j+n5mspOfjHwoAg+9yhb7BwAHm36g=="
    },
    "bmp-js": {
      "version": "0.1.0",
      "resolved": "https://registry.npmjs.org/bmp-js/-/bmp-js-0.1.0.tgz",
      "integrity": "sha1-4Fpj95amwf8l9Hcex62twUjAcjM="
    },
    "buffer": {
      "version": "5.4.3",
      "resolved": "https://registry.npmjs.org/buffer/-/buffer-5.4.3.tgz",
      "integrity": "sha512-zvj65TkFeIt3i6aj5bIvJDzjjQQGs4o/sNoezg1F1kYap9Nu2jcUdpwzRSJTHMMzG0H7bZkn4rNQpImhuxWX2A==",
      "requires": {
        "base64-js": "^1.0.2",
        "ieee754": "^1.1.4"
      }
    },
    "buffer-equal": {
      "version": "0.0.1",
      "resolved": "https://registry.npmjs.org/buffer-equal/-/buffer-equal-0.0.1.tgz",
      "integrity": "sha1-kbx0sR6kBbyRa8aqkI+q+ltKrEs="
    },
    "core-js": {
      "version": "2.6.10",
      "resolved": "https://registry.npmjs.org/core-js/-/core-js-2.6.10.tgz",
      "integrity": "sha512-I39t74+4t+zau64EN1fE5v2W31Adtc/REhzWN+gWRRXg6WH5qAsZm62DHpQ1+Yhe4047T55jvzz7MUqF/dBBlA=="
    },
    "dateformat": {
      "version": "3.0.3",
      "resolved": "https://registry.npmjs.org/dateformat/-/dateformat-3.0.3.tgz",
      "integrity": "sha512-jyCETtSl3VMZMWeRo7iY1FL19ges1t55hMo5yaam4Jrsm5EPL89UQkoQRyiI+Yf4k8r2ZpdngkV8hr1lIdjb3Q=="
    },
    "define-properties": {
      "version": "1.1.3",
      "resolved": "https://registry.npmjs.org/define-properties/-/define-properties-1.1.3.tgz",
      "integrity": "sha512-3MqfYKj2lLzdMSf8ZIZE/V+Zuy+BgD6f164e8K2w7dgnpKArBDerGYpM46IYYcjnkdPNMjPk9A6VFB8+3SKlXQ==",
      "requires": {
        "object-keys": "^1.0.12"
      }
    },
    "dom-walk": {
      "version": "0.1.1",
      "resolved": "https://registry.npmjs.org/dom-walk/-/dom-walk-0.1.1.tgz",
      "integrity": "sha1-ZyIm3HTI95mtNTB9+TaroRrNYBg="
    },
    "es-abstract": {
      "version": "1.15.0",
      "resolved": "https://registry.npmjs.org/es-abstract/-/es-abstract-1.15.0.tgz",
      "integrity": "sha512-bhkEqWJ2t2lMeaJDuk7okMkJWI/yqgH/EoGwpcvv0XW9RWQsRspI4wt6xuyuvMvvQE3gg/D9HXppgk21w78GyQ==",
      "requires": {
        "es-to-primitive": "^1.2.0",
        "function-bind": "^1.1.1",
        "has": "^1.0.3",
        "has-symbols": "^1.0.0",
        "is-callable": "^1.1.4",
        "is-regex": "^1.0.4",
        "object-inspect": "^1.6.0",
        "object-keys": "^1.1.1",
        "string.prototype.trimleft": "^2.1.0",
        "string.prototype.trimright": "^2.1.0"
      }
    },
    "es-to-primitive": {
      "version": "1.2.0",
      "resolved": "https://registry.npmjs.org/es-to-primitive/-/es-to-primitive-1.2.0.tgz",
      "integrity": "sha512-qZryBOJjV//LaxLTV6UC//WewneB3LcXOL9NP++ozKVXsIIIpm/2c13UDiD9Jp2eThsecw9m3jPqDwTyobcdbg==",
      "requires": {
        "is-callable": "^1.1.4",
        "is-date-object": "^1.0.1",
        "is-symbol": "^1.0.2"
      }
    },
    "exif-parser": {
      "version": "0.1.12",
      "resolved": "https://registry.npmjs.org/exif-parser/-/exif-parser-0.1.12.tgz",
      "integrity": "sha1-WKnS1ywCwfbwKg70qRZicrd2CSI="
    },
    "file-type": {
      "version": "9.0.0",
      "resolved": "https://registry.npmjs.org/file-type/-/file-type-9.0.0.tgz",
      "integrity": "sha512-Qe/5NJrgIOlwijpq3B7BEpzPFcgzggOTagZmkXQY4LA6bsXKTUstK7Wp12lEJ/mLKTpvIZxmIuRcLYWT6ov9lw=="
    },
    "for-each": {
      "version": "0.3.3",
      "resolved": "https://registry.npmjs.org/for-each/-/for-each-0.3.3.tgz",
      "integrity": "sha512-jqYfLp7mo9vIyQf8ykW2v7A+2N4QjeCeI5+Dz9XraiO1ign81wjiH7Fb9vSOWvQfNtmSa4H2RoQTrrXivdUZmw==",
      "requires": {
        "is-callable": "^1.1.3"
      }
    },
    "function-bind": {
      "version": "1.1.1",
      "resolved": "https://registry.npmjs.org/function-bind/-/function-bind-1.1.1.tgz",
      "integrity": "sha512-yIovAzMX49sF8Yl58fSCWJ5svSLuaibPxXQJFLmBObTuCr0Mf1KiPopGM9NiFjiYBCbfaa2Fh6breQ6ANVTI0A=="
    },
    "global": {
      "version": "4.3.2",
      "resolved": "https://registry.npmjs.org/global/-/global-4.3.2.tgz",
      "integrity": "sha1-52mJJopsdMOJCLEwWxD8DjlOnQ8=",
      "requires": {
        "min-document": "^2.19.0",
        "process": "~0.5.1"
      }
    },
    "has": {
      "version": "1.0.3",
      "resolved": "https://registry.npmjs.org/has/-/has-1.0.3.tgz",
      "integrity": "sha512-f2dvO0VU6Oej7RkWJGrehjbzMAjFp5/VKPp5tTpWIV4JHHZK1/BxbFRtf/siA2SWTe09caDmVtYYzWEIbBS4zw==",
      "requires": {
        "function-bind": "^1.1.1"
      }
    },
    "has-symbols": {
      "version": "1.0.0",
      "resolved": "https://registry.npmjs.org/has-symbols/-/has-symbols-1.0.0.tgz",
      "integrity": "sha1-uhqPGvKg/DllD1yFA2dwQSIGO0Q="
    },
    "ieee754": {
      "version": "1.1.13",
      "resolved": "https://registry.npmjs.org/ieee754/-/ieee754-1.1.13.tgz",
      "integrity": "sha512-4vf7I2LYV/HaWerSo3XmlMkp5eZ83i+/CDluXi/IGTs/O1sejBNhTtnxzmRZfvOUqj7lZjqHkeTvpgSFDlWZTg=="
    },
    "is-callable": {
      "version": "1.1.4",
      "resolved": "https://registry.npmjs.org/is-callable/-/is-callable-1.1.4.tgz",
      "integrity": "sha512-r5p9sxJjYnArLjObpjA4xu5EKI3CuKHkJXMhT7kwbpUyIFD1n5PMAsoPvWnvtZiNz7LjkYDRZhd7FlI0eMijEA=="
    },
    "is-date-object": {
      "version": "1.0.1",
      "resolved": "https://registry.npmjs.org/is-date-object/-/is-date-object-1.0.1.tgz",
      "integrity": "sha1-mqIOtq7rv/d/vTPnTKAbM1gdOhY="
    },
    "is-function": {
      "version": "1.0.1",
      "resolved": "https://registry.npmjs.org/is-function/-/is-function-1.0.1.tgz",
      "integrity": "sha1-Es+5i2W1fdPRk6MSH19uL0N2ArU="
    },
    "is-regex": {
      "version": "1.0.4",
      "resolved": "https://registry.npmjs.org/is-regex/-/is-regex-1.0.4.tgz",
      "integrity": "sha1-VRdIm1RwkbCTDglWVM7SXul+lJE=",
      "requires": {
        "has": "^1.0.1"
      }
    },
    "is-symbol": {
      "version": "1.0.2",
      "resolved": "https://registry.npmjs.org/is-symbol/-/is-symbol-1.0.2.tgz",
      "integrity": "sha512-HS8bZ9ox60yCJLH9snBpIwv9pYUAkcuLhSA1oero1UB5y9aiQpRA8y2ex945AOtCZL1lJDeIk3G5LthswI46Lw==",
      "requires": {
        "has-symbols": "^1.0.0"
      }
    },
    "jimp": {
      "version": "0.8.4",
      "resolved": "https://registry.npmjs.org/jimp/-/jimp-0.8.4.tgz",
      "integrity": "sha512-xCPvd2HIH8iR7+gWVnivzXwiQGnLBmLDpaEj5M0vQf3uur5MuLCOWbBduAdk6r3ur8X0kwgM4eEM0i7o+k9x9g==",
      "requires": {
        "@jimp/custom": "^0.8.4",
        "@jimp/plugins": "^0.8.4",
        "@jimp/types": "^0.8.4",
        "core-js": "^2.5.7",
        "regenerator-runtime": "^0.13.3"
      }
    },
    "jpeg-js": {
      "version": "0.3.6",
      "resolved": "https://registry.npmjs.org/jpeg-js/-/jpeg-js-0.3.6.tgz",
      "integrity": "sha512-MUj2XlMB8kpe+8DJUGH/3UJm4XpI8XEgZQ+CiHDeyrGoKPdW/8FJv6ku+3UiYm5Fz3CWaL+iXmD8Q4Ap6aC1Jw=="
    },
    "load-bmfont": {
      "version": "1.4.0",
      "resolved": "https://registry.npmjs.org/load-bmfont/-/load-bmfont-1.4.0.tgz",
      "integrity": "sha512-kT63aTAlNhZARowaNYcY29Fn/QYkc52M3l6V1ifRcPewg2lvUZDAj7R6dXjOL9D0sict76op3T5+odumDSF81g==",
      "requires": {
        "buffer-equal": "0.0.1",
        "mime": "^1.3.4",
        "parse-bmfont-ascii": "^1.0.3",
        "parse-bmfont-binary": "^1.0.5",
        "parse-bmfont-xml": "^1.1.4",
        "phin": "^2.9.1",
        "xhr": "^2.0.1",
        "xtend": "^4.0.0"
      }
    },
    "mime": {
      "version": "1.6.0",
      "resolved": "https://registry.npmjs.org/mime/-/mime-1.6.0.tgz",
      "integrity": "sha512-x0Vn8spI+wuJ1O6S7gnbaQg8Pxh4NNHb7KSINmEWKiPE4RKOplvijn+NkmYmmRgP68mc70j2EbeTFRsrswaQeg=="
    },
    "min-document": {
      "version": "2.19.0",
      "resolved": "https://registry.npmjs.org/min-document/-/min-document-2.19.0.tgz",
      "integrity": "sha1-e9KC4/WELtKVu3SM3Z8f+iyCRoU=",
      "requires": {
        "dom-walk": "^0.1.0"
      }
    },
    "minimist": {
      "version": "0.0.8",
      "resolved": "https://registry.npmjs.org/minimist/-/minimist-0.0.8.tgz",
      "integrity": "sha1-hX/Kv8M5fSYluCKCYuhqp6ARsF0="
    },
    "mkdirp": {
      "version": "0.5.1",
      "resolved": "https://registry.npmjs.org/mkdirp/-/mkdirp-0.5.1.tgz",
      "integrity": "sha1-MAV0OOrGz3+MR2fzhkjWaX11yQM=",
      "requires": {
        "minimist": "0.0.8"
      }
    },
    "object-inspect": {
      "version": "1.6.0",
      "resolved": "https://registry.npmjs.org/object-inspect/-/object-inspect-1.6.0.tgz",
      "integrity": "sha512-GJzfBZ6DgDAmnuaM3104jR4s1Myxr3Y3zfIyN4z3UdqN69oSRacNK8UhnobDdC+7J2AHCjGwxQubNJfE70SXXQ=="
    },
    "object-keys": {
      "version": "1.1.1",
      "resolved": "https://registry.npmjs.org/object-keys/-/object-keys-1.1.1.tgz",
      "integrity": "sha512-NuAESUOUMrlIXOfHKzD6bpPu3tYt3xvjNdRIQ+FeT0lNb4K8WR70CaDxhuNguS2XG+GjkyMwOzsN5ZktImfhLA=="
    },
    "object.getownpropertydescriptors": {
      "version": "2.0.3",
      "resolved": "https://registry.npmjs.org/object.getownpropertydescriptors/-/object.getownpropertydescriptors-2.0.3.tgz",
      "integrity": "sha1-h1jIRvW0B62rDyNuCYbxSwUcqhY=",
      "requires": {
        "define-properties": "^1.1.2",
        "es-abstract": "^1.5.1"
      }
    },
    "omggif": {
      "version": "1.0.10",
      "resolved": "https://registry.npmjs.org/omggif/-/omggif-1.0.10.tgz",
      "integrity": "sha512-LMJTtvgc/nugXj0Vcrrs68Mn2D1r0zf630VNtqtpI1FEO7e+O9FP4gqs9AcnBaSEeoHIPm28u6qgPR0oyEpGSw=="
    },
    "pako": {
      "version": "1.0.10",
      "resolved": "https://registry.npmjs.org/pako/-/pako-1.0.10.tgz",
      "integrity": "sha512-0DTvPVU3ed8+HNXOu5Bs+o//Mbdj9VNQMUOe9oKCwh8l0GNwpTDMKCWbRjgtD291AWnkAgkqA/LOnQS8AmS1tw=="
    },
    "parse-bmfont-ascii": {
      "version": "1.0.6",
      "resolved": "https://registry.npmjs.org/parse-bmfont-ascii/-/parse-bmfont-ascii-1.0.6.tgz",
      "integrity": "sha1-Eaw8P/WPfCAgqyJ2kHkQjU36AoU="
    },
    "parse-bmfont-binary": {
      "version": "1.0.6",
      "resolved": "https://registry.npmjs.org/parse-bmfont-binary/-/parse-bmfont-binary-1.0.6.tgz",
      "integrity": "sha1-0Di0dtPp3Z2x4RoLDlOiJ5K2kAY="
    },
    "parse-bmfont-xml": {
      "version": "1.1.4",
      "resolved": "https://registry.npmjs.org/parse-bmfont-xml/-/parse-bmfont-xml-1.1.4.tgz",
      "integrity": "sha512-bjnliEOmGv3y1aMEfREMBJ9tfL3WR0i0CKPj61DnSLaoxWR3nLrsQrEbCId/8rF4NyRF0cCqisSVXyQYWM+mCQ==",
      "requires": {
        "xml-parse-from-string": "^1.0.0",
        "xml2js": "^0.4.5"
      }
    },
    "parse-headers": {
      "version": "2.0.2",
      "resolved": "https://registry.npmjs.org/parse-headers/-/parse-headers-2.0.2.tgz",
      "integrity": "sha512-/LypJhzFmyBIDYP9aDVgeyEb5sQfbfY5mnDq4hVhlQ69js87wXfmEI5V3xI6vvXasqebp0oCytYFLxsBVfCzSg==",
      "requires": {
        "for-each": "^0.3.3",
        "string.prototype.trim": "^1.1.2"
      }
    },
    "phin": {
      "version": "2.9.3",
      "resolved": "https://registry.npmjs.org/phin/-/phin-2.9.3.tgz",
      "integrity": "sha512-CzFr90qM24ju5f88quFC/6qohjC144rehe5n6DH900lgXmUe86+xCKc10ev56gRKC4/BkHUoG4uSiQgBiIXwDA=="
    },
    "pixelmatch": {
      "version": "4.0.2",
      "resolved": "https://registry.npmjs.org/pixelmatch/-/pixelmatch-4.0.2.tgz",
      "integrity": "sha1-j0fc7FARtHe2fbA8JDvB8wheiFQ=",
      "requires": {
        "pngjs": "^3.0.0"
      }
    },
    "pngjs": {
      "version": "3.4.0",
      "resolved": "https://registry.npmjs.org/pngjs/-/pngjs-3.4.0.tgz",
      "integrity": "sha512-NCrCHhWmnQklfH4MtJMRjZ2a8c80qXeMlQMv2uVp9ISJMTt562SbGd6n2oq0PaPgKm7Z6pL9E2UlLIhC+SHL3w=="
    },
    "process": {
      "version": "0.5.2",
      "resolved": "https://registry.npmjs.org/process/-/process-0.5.2.tgz",
      "integrity": "sha1-FjjYqONML0QKkduVq5rrZ3/Bhc8="
    },
    "regenerator-runtime": {
      "version": "0.13.3",
      "resolved": "https://registry.npmjs.org/regenerator-runtime/-/regenerator-runtime-0.13.3.tgz",
      "integrity": "sha512-naKIZz2GQ8JWh///G7L3X6LaQUAMp2lvb1rvwwsURe/VXwD6VMfr+/1NuNw3ag8v2kY1aQ/go5SNn79O9JU7yw=="
    },
    "sax": {
      "version": "1.2.4",
      "resolved": "https://registry.npmjs.org/sax/-/sax-1.2.4.tgz",
      "integrity": "sha512-NqVDv9TpANUjFm0N8uM5GxL36UgKi9/atZw+x7YFnQ8ckwFGKrl4xX4yWtrey3UJm5nP1kUbnYgLopqWNSRhWw=="
    },
    "string.prototype.trim": {
      "version": "1.2.0",
      "resolved": "https://registry.npmjs.org/string.prototype.trim/-/string.prototype.trim-1.2.0.tgz",
      "integrity": "sha512-9EIjYD/WdlvLpn987+ctkLf0FfvBefOCuiEr2henD8X+7jfwPnyvTdmW8OJhj5p+M0/96mBdynLWkxUr+rHlpg==",
      "requires": {
        "define-properties": "^1.1.3",
        "es-abstract": "^1.13.0",
        "function-bind": "^1.1.1"
      }
    },
    "string.prototype.trimleft": {
      "version": "2.1.0",
      "resolved": "https://registry.npmjs.org/string.prototype.trimleft/-/string.prototype.trimleft-2.1.0.tgz",
      "integrity": "sha512-FJ6b7EgdKxxbDxc79cOlok6Afd++TTs5szo+zJTUyow3ycrRfJVE2pq3vcN53XexvKZu/DJMDfeI/qMiZTrjTw==",
      "requires": {
        "define-properties": "^1.1.3",
        "function-bind": "^1.1.1"
      }
    },
    "string.prototype.trimright": {
      "version": "2.1.0",
      "resolved": "https://registry.npmjs.org/string.prototype.trimright/-/string.prototype.trimright-2.1.0.tgz",
      "integrity": "sha512-fXZTSV55dNBwv16uw+hh5jkghxSnc5oHq+5K/gXgizHwAvMetdAJlHqqoFC1FSDVPYWLkAKl2cxpUT41sV7nSg==",
      "requires": {
        "define-properties": "^1.1.3",
        "function-bind": "^1.1.1"
      }
    },
    "timm": {
      "version": "1.6.2",
      "resolved": "https://registry.npmjs.org/timm/-/timm-1.6.2.tgz",
      "integrity": "sha512-IH3DYDL1wMUwmIlVmMrmesw5lZD6N+ZOAFWEyLrtpoL9Bcrs9u7M/vyOnHzDD2SMs4irLkVjqxZbHrXStS/Nmw=="
    },
    "tinycolor2": {
      "version": "1.4.1",
      "resolved": "https://registry.npmjs.org/tinycolor2/-/tinycolor2-1.4.1.tgz",
      "integrity": "sha1-9PrTM0R7wLB9TcjpIJ2POaisd+g="
    },
    "utif": {
      "version": "2.0.1",
      "resolved": "https://registry.npmjs.org/utif/-/utif-2.0.1.tgz",
      "integrity": "sha512-Z/S1fNKCicQTf375lIP9G8Sa1H/phcysstNrrSdZKj1f9g58J4NMgb5IgiEZN9/nLMPDwF0W7hdOe9Qq2IYoLg==",
      "requires": {
        "pako": "^1.0.5"
      }
    },
    "util.promisify": {
      "version": "1.0.0",
      "resolved": "https://registry.npmjs.org/util.promisify/-/util.promisify-1.0.0.tgz",
      "integrity": "sha512-i+6qA2MPhvoKLuxnJNpXAGhg7HphQOSUq2LKMZD0m15EiskXUkMvKdF4Uui0WYeCUGea+o2cw/ZuwehtfsrNkA==",
      "requires": {
        "define-properties": "^1.1.2",
        "object.getownpropertydescriptors": "^2.0.3"
      }
    },
    "xhr": {
      "version": "2.5.0",
      "resolved": "https://registry.npmjs.org/xhr/-/xhr-2.5.0.tgz",
      "integrity": "sha512-4nlO/14t3BNUZRXIXfXe+3N6w3s1KoxcJUUURctd64BLRe67E4gRwp4PjywtDY72fXpZ1y6Ch0VZQRY/gMPzzQ==",
      "requires": {
        "global": "~4.3.0",
        "is-function": "^1.0.1",
        "parse-headers": "^2.0.0",
        "xtend": "^4.0.0"
      }
    },
    "xml-parse-from-string": {
      "version": "1.0.1",
      "resolved": "https://registry.npmjs.org/xml-parse-from-string/-/xml-parse-from-string-1.0.1.tgz",
      "integrity": "sha1-qQKekp09vN7RafPG4oI42VpdWig="
    },
    "xml2js": {
      "version": "0.4.22",
      "resolved": "https://registry.npmjs.org/xml2js/-/xml2js-0.4.22.tgz",
      "integrity": "sha512-MWTbxAQqclRSTnehWWe5nMKzI3VmJ8ltiJEco8akcC6j3miOhjjfzKum5sId+CWhfxdOs/1xauYr8/ZDBtQiRw==",
      "requires": {
        "sax": ">=0.6.0",
        "util.promisify": "~1.0.0",
        "xmlbuilder": "~11.0.0"
      }
    },
    "xmlbuilder": {
      "version": "11.0.1",
      "resolved": "https://registry.npmjs.org/xmlbuilder/-/xmlbuilder-11.0.1.tgz",
      "integrity": "sha512-fDlsI/kFEx7gLvbecc0/ohLG50fugQp8ryHzMTuW9vSa1GJ0XYWKnhsUx7oie3G98+r56aTQIUB4kht42R3JvA=="
    },
    "xtend": {
      "version": "4.0.2",
      "resolved": "https://registry.npmjs.org/xtend/-/xtend-4.0.2.tgz",
      "integrity": "sha512-LKYU1iAXJXUgAXn9URjiu+MWhyUXHsvfp7mcuYm9dSUKK0/CjtrUwFAxD82/mCWbtLsGjFIad0wIsod4zrTAEQ=="
    }
  }
}
